// !$*UTF8*$!
{
	archiveVersion = 1;
	classes = {
	};
	objectVersion = 56;
	objects = {

/* Begin PBXBuildFile section */
		4706B7112AFA65D7004D5330 /* Destination.swift in Sources */ = {isa = PBXBuildFile; fileRef = 4706B7102AFA65D7004D5330 /* Destination.swift */; };
		4706B7132AFA65EF004D5330 /* Restaurant.swift in Sources */ = {isa = PBXBuildFile; fileRef = 4706B7122AFA65EF004D5330 /* Restaurant.swift */; };
		4706B7152AFA660B004D5330 /* User.swift in Sources */ = {isa = PBXBuildFile; fileRef = 4706B7142AFA660B004D5330 /* User.swift */; };
		4706B7172AFA661F004D5330 /* Category.swift in Sources */ = {isa = PBXBuildFile; fileRef = 4706B7162AFA661F004D5330 /* Category.swift */; };
		4728BD652B08D6D50065EF29 /* CategoryDetailViewModel.swift in Sources */ = {isa = PBXBuildFile; fileRef = 4728BD642B08D6D50065EF29 /* CategoryDetailViewModel.swift */; };
		4728BD682B08D97A0065EF29 /* ActivityIndicatorView.swift in Sources */ = {isa = PBXBuildFile; fileRef = 4728BD672B08D97A0065EF29 /* ActivityIndicatorView.swift */; };
		47887ADD2AF60EDE007DE365 /* PopularDestinationView.swift in Sources */ = {isa = PBXBuildFile; fileRef = 47887ADC2AF60EDE007DE365 /* PopularDestinationView.swift */; };
		47887ADF2AF60F12007DE365 /* DiscoverCategoriesView.swift in Sources */ = {isa = PBXBuildFile; fileRef = 47887ADE2AF60F12007DE365 /* DiscoverCategoriesView.swift */; };
		47887AE12AF60F3F007DE365 /* PopularRestaurantsView.swift in Sources */ = {isa = PBXBuildFile; fileRef = 47887AE02AF60F3F007DE365 /* PopularRestaurantsView.swift */; };
		47887AE32AF60FBD007DE365 /* TrendingCreators.swift in Sources */ = {isa = PBXBuildFile; fileRef = 47887AE22AF60FBD007DE365 /* TrendingCreators.swift */; };
		47982FAD2AFA6BEF002BD50A /* TileModifier.swift in Sources */ = {isa = PBXBuildFile; fileRef = 47982FAC2AFA6BEF002BD50A /* TileModifier.swift */; };
		47A79BD92AF604420045025F /* SwiftUITravelAppApp.swift in Sources */ = {isa = PBXBuildFile; fileRef = 47A79BD82AF604420045025F /* SwiftUITravelAppApp.swift */; };
		47A79BDB2AF604420045025F /* DiscoverView.swift in Sources */ = {isa = PBXBuildFile; fileRef = 47A79BDA2AF604420045025F /* DiscoverView.swift */; };
		47A79BDD2AF604430045025F /* Assets.xcassets in Resources */ = {isa = PBXBuildFile; fileRef = 47A79BDC2AF604420045025F /* Assets.xcassets */; };
		47A79BE02AF604430045025F /* Preview Assets.xcassets in Resources */ = {isa = PBXBuildFile; fileRef = 47A79BDF2AF604430045025F /* Preview Assets.xcassets */; };
		47C2E7672B14C9D40044D5E0 /* Kingfisher in Frameworks */ = {isa = PBXBuildFile; productRef = 47C2E7662B14C9D40044D5E0 /* Kingfisher */; };
		47C2E76A2B14CA260044D5E0 /* SDWebImageSwiftUI in Frameworks */ = {isa = PBXBuildFile; productRef = 47C2E7692B14CA260044D5E0 /* SDWebImageSwiftUI */; };
		47C2E76C2B14CC520044D5E0 /* Place.swift in Sources */ = {isa = PBXBuildFile; fileRef = 47C2E76B2B14CC520044D5E0 /* Place.swift */; };
/* End PBXBuildFile section */

/* Begin PBXFileReference section */
		4706B7102AFA65D7004D5330 /* Destination.swift */ = {isa = PBXFileReference; lastKnownFileType = sourcecode.swift; path = Destination.swift; sourceTree = "<group>"; };
		4706B7122AFA65EF004D5330 /* Restaurant.swift */ = {isa = PBXFileReference; lastKnownFileType = sourcecode.swift; path = Restaurant.swift; sourceTree = "<group>"; };
		4706B7142AFA660B004D5330 /* User.swift */ = {isa = PBXFileReference; lastKnownFileType = sourcecode.swift; path = User.swift; sourceTree = "<group>"; };
		4706B7162AFA661F004D5330 /* Category.swift */ = {isa = PBXFileReference; lastKnownFileType = sourcecode.swift; path = Category.swift; sourceTree = "<group>"; };
		4728BD642B08D6D50065EF29 /* CategoryDetailViewModel.swift */ = {isa = PBXFileReference; lastKnownFileType = sourcecode.swift; path = CategoryDetailViewModel.swift; sourceTree = "<group>"; };
		4728BD672B08D97A0065EF29 /* ActivityIndicatorView.swift */ = {isa = PBXFileReference; lastKnownFileType = sourcecode.swift; path = ActivityIndicatorView.swift; sourceTree = "<group>"; };
		47887ADC2AF60EDE007DE365 /* PopularDestinationView.swift */ = {isa = PBXFileReference; lastKnownFileType = sourcecode.swift; path = PopularDestinationView.swift; sourceTree = "<group>"; };
		47887ADE2AF60F12007DE365 /* DiscoverCategoriesView.swift */ = {isa = PBXFileReference; lastKnownFileType = sourcecode.swift; path = DiscoverCategoriesView.swift; sourceTree = "<group>"; };
		47887AE02AF60F3F007DE365 /* PopularRestaurantsView.swift */ = {isa = PBXFileReference; lastKnownFileType = sourcecode.swift; path = PopularRestaurantsView.swift; sourceTree = "<group>"; };
		47887AE22AF60FBD007DE365 /* TrendingCreators.swift */ = {isa = PBXFileReference; lastKnownFileType = sourcecode.swift; path = TrendingCreators.swift; sourceTree = "<group>"; };
		47982FAC2AFA6BEF002BD50A /* TileModifier.swift */ = {isa = PBXFileReference; lastKnownFileType = sourcecode.swift; path = TileModifier.swift; sourceTree = "<group>"; };
		47A79BD52AF604420045025F /* SwiftUITravelApp.app */ = {isa = PBXFileReference; explicitFileType = wrapper.application; includeInIndex = 0; path = SwiftUITravelApp.app; sourceTree = BUILT_PRODUCTS_DIR; };
		47A79BD82AF604420045025F /* SwiftUITravelAppApp.swift */ = {isa = PBXFileReference; lastKnownFileType = sourcecode.swift; path = SwiftUITravelAppApp.swift; sourceTree = "<group>"; };
		47A79BDA2AF604420045025F /* DiscoverView.swift */ = {isa = PBXFileReference; lastKnownFileType = sourcecode.swift; path = DiscoverView.swift; sourceTree = "<group>"; };
		47A79BDC2AF604420045025F /* Assets.xcassets */ = {isa = PBXFileReference; lastKnownFileType = folder.assetcatalog; path = Assets.xcassets; sourceTree = "<group>"; };
		47A79BDF2AF604430045025F /* Preview Assets.xcassets */ = {isa = PBXFileReference; lastKnownFileType = folder.assetcatalog; path = "Preview Assets.xcassets"; sourceTree = "<group>"; };
		47C2E76B2B14CC520044D5E0 /* Place.swift */ = {isa = PBXFileReference; lastKnownFileType = sourcecode.swift; path = Place.swift; sourceTree = "<group>"; };
/* End PBXFileReference section */

/* Begin PBXFrameworksBuildPhase section */
		47A79BD22AF604420045025F /* Frameworks */ = {
			isa = PBXFrameworksBuildPhase;
			buildActionMask = 2147483647;
			files = (
				47C2E76A2B14CA260044D5E0 /* SDWebImageSwiftUI in Frameworks */,
				47C2E7672B14C9D40044D5E0 /* Kingfisher in Frameworks */,
			);
			runOnlyForDeploymentPostprocessing = 0;
		};
/* End PBXFrameworksBuildPhase section */

/* Begin PBXGroup section */
		4706B70F2AFA6570004D5330 /* Models */ = {
			isa = PBXGroup;
			children = (
				4706B7102AFA65D7004D5330 /* Destination.swift */,
				4706B7122AFA65EF004D5330 /* Restaurant.swift */,
				4706B7142AFA660B004D5330 /* User.swift */,
				4706B7162AFA661F004D5330 /* Category.swift */,
				47C2E76B2B14CC520044D5E0 /* Place.swift */,
			);
			path = Models;
			sourceTree = "<group>";
		};
		4728BD632B08D6C20065EF29 /* ViewModel */ = {
			isa = PBXGroup;
			children = (
				4728BD642B08D6D50065EF29 /* CategoryDetailViewModel.swift */,
			);
			path = ViewModel;
			sourceTree = "<group>";
		};
		4728BD662B08D9600065EF29 /* SharedView */ = {
			isa = PBXGroup;
			children = (
				4728BD672B08D97A0065EF29 /* ActivityIndicatorView.swift */,
			);
			path = SharedView;
			sourceTree = "<group>";
		};
		47887ADA2AF60E95007DE365 /* Discover */ = {
			isa = PBXGroup;
			children = (
				4728BD632B08D6C20065EF29 /* ViewModel */,
				47A79BDA2AF604420045025F /* DiscoverView.swift */,
				47887ADC2AF60EDE007DE365 /* PopularDestinationView.swift */,
				47887AE02AF60F3F007DE365 /* PopularRestaurantsView.swift */,
				47887AE22AF60FBD007DE365 /* TrendingCreators.swift */,
				47887ADE2AF60F12007DE365 /* DiscoverCategoriesView.swift */,
			);
			path = Discover;
			sourceTree = "<group>";
		};
		47982FAB2AFA6BDE002BD50A /* Utils */ = {
			isa = PBXGroup;
			children = (
				47982FAC2AFA6BEF002BD50A /* TileModifier.swift */,
			);
			path = Utils;
			sourceTree = "<group>";
		};
		47A79BCC2AF604420045025F = {
			isa = PBXGroup;
			children = (
				47A79BD72AF604420045025F /* SwiftUITravelApp */,
				47A79BD62AF604420045025F /* Products */,
			);
			sourceTree = "<group>";
		};
		47A79BD62AF604420045025F /* Products */ = {
			isa = PBXGroup;
			children = (
				47A79BD52AF604420045025F /* SwiftUITravelApp.app */,
			);
			name = Products;
			sourceTree = "<group>";
		};
		47A79BD72AF604420045025F /* SwiftUITravelApp */ = {
			isa = PBXGroup;
			children = (
				4728BD662B08D9600065EF29 /* SharedView */,
				47982FAB2AFA6BDE002BD50A /* Utils */,
				4706B70F2AFA6570004D5330 /* Models */,
				47887ADA2AF60E95007DE365 /* Discover */,
				47A79BD82AF604420045025F /* SwiftUITravelAppApp.swift */,
				47A79BDC2AF604420045025F /* Assets.xcassets */,
				47A79BDE2AF604430045025F /* Preview Content */,
			);
			path = SwiftUITravelApp;
			sourceTree = "<group>";
		};
		47A79BDE2AF604430045025F /* Preview Content */ = {
			isa = PBXGroup;
			children = (
				47A79BDF2AF604430045025F /* Preview Assets.xcassets */,
			);
			path = "Preview Content";
			sourceTree = "<group>";
		};
/* End PBXGroup section */

/* Begin PBXNativeTarget section */
		47A79BD42AF604420045025F /* SwiftUITravelApp */ = {
			isa = PBXNativeTarget;
			buildConfigurationList = 47A79BE32AF604430045025F /* Build configuration list for PBXNativeTarget "SwiftUITravelApp" */;
			buildPhases = (
				47A79BD12AF604420045025F /* Sources */,
				47A79BD22AF604420045025F /* Frameworks */,
				47A79BD32AF604420045025F /* Resources */,
			);
			buildRules = (
			);
			dependencies = (
			);
			name = SwiftUITravelApp;
			packageProductDependencies = (
				47C2E7662B14C9D40044D5E0 /* Kingfisher */,
				47C2E7692B14CA260044D5E0 /* SDWebImageSwiftUI */,
			);
			productName = SwiftUITravelApp;
			productReference = 47A79BD52AF604420045025F /* SwiftUITravelApp.app */;
			productType = "com.apple.product-type.application";
		};
/* End PBXNativeTarget section */

/* Begin PBXProject section */
		47A79BCD2AF604420045025F /* Project object */ = {
			isa = PBXProject;
			attributes = {
				BuildIndependentTargetsInParallel = 1;
				LastSwiftUpdateCheck = 1430;
				LastUpgradeCheck = 1430;
				TargetAttributes = {
					47A79BD42AF604420045025F = {
						CreatedOnToolsVersion = 14.3.1;
					};
				};
			};
			buildConfigurationList = 47A79BD02AF604420045025F /* Build configuration list for PBXProject "SwiftUITravelApp" */;
			compatibilityVersion = "Xcode 14.0";
			developmentRegion = en;
			hasScannedForEncodings = 0;
			knownRegions = (
				en,
				Base,
			);
			mainGroup = 47A79BCC2AF604420045025F;
			packageReferences = (
				47C2E7652B14C9D40044D5E0 /* XCRemoteSwiftPackageReference "Kingfisher" */,
				47C2E7682B14CA260044D5E0 /* XCRemoteSwiftPackageReference "SDWebImageSwiftUI" */,
			);
			productRefGroup = 47A79BD62AF604420045025F /* Products */;
			projectDirPath = "";
			projectRoot = "";
			targets = (
				47A79BD42AF604420045025F /* SwiftUITravelApp */,
			);
		};
/* End PBXProject section */

/* Begin PBXResourcesBuildPhase section */
		47A79BD32AF604420045025F /* Resources */ = {
			isa = PBXResourcesBuildPhase;
			buildActionMask = 2147483647;
			files = (
				47A79BE02AF604430045025F /* Preview Assets.xcassets in Resources */,
				47A79BDD2AF604430045025F /* Assets.xcassets in Resources */,
			);
			runOnlyForDeploymentPostprocessing = 0;
		};
/* End PBXResourcesBuildPhase section */

/* Begin PBXSourcesBuildPhase section */
		47A79BD12AF604420045025F /* Sources */ = {
			isa = PBXSourcesBuildPhase;
			buildActionMask = 2147483647;
			files = (
				47887AE12AF60F3F007DE365 /* PopularRestaurantsView.swift in Sources */,
				47982FAD2AFA6BEF002BD50A /* TileModifier.swift in Sources */,
				4706B7172AFA661F004D5330 /* Category.swift in Sources */,
				47887AE32AF60FBD007DE365 /* TrendingCreators.swift in Sources */,
				47A79BDB2AF604420045025F /* DiscoverView.swift in Sources */,
				47C2E76C2B14CC520044D5E0 /* Place.swift in Sources */,
				47A79BD92AF604420045025F /* SwiftUITravelAppApp.swift in Sources */,
				4706B7132AFA65EF004D5330 /* Restaurant.swift in Sources */,
				4706B7152AFA660B004D5330 /* User.swift in Sources */,
				47887ADD2AF60EDE007DE365 /* PopularDestinationView.swift in Sources */,
				4728BD652B08D6D50065EF29 /* CategoryDetailViewModel.swift in Sources */,
				47887ADF2AF60F12007DE365 /* DiscoverCategoriesView.swift in Sources */,
				4728BD682B08D97A0065EF29 /* ActivityIndicatorView.swift in Sources */,
				4706B7112AFA65D7004D5330 /* Destination.swift in Sources */,
			);
			runOnlyForDeploymentPostprocessing = 0;
		};
/* End PBXSourcesBuildPhase section */

/* Begin XCBuildConfiguration section */
		47A79BE12AF604430045025F /* Debug */ = {
			isa = XCBuildConfiguration;
			buildSettings = {
				ALWAYS_SEARCH_USER_PATHS = NO;
				CLANG_ANALYZER_NONNULL = YES;
				CLANG_ANALYZER_NUMBER_OBJECT_CONVERSION = YES_AGGRESSIVE;
				CLANG_CXX_LANGUAGE_STANDARD = "gnu++20";
				CLANG_ENABLE_MODULES = YES;
				CLANG_ENABLE_OBJC_ARC = YES;
				CLANG_ENABLE_OBJC_WEAK = YES;
				CLANG_WARN_BLOCK_CAPTURE_AUTORELEASING = YES;
				CLANG_WARN_BOOL_CONVERSION = YES;
				CLANG_WARN_COMMA = YES;
				CLANG_WARN_CONSTANT_CONVERSION = YES;
				CLANG_WARN_DEPRECATED_OBJC_IMPLEMENTATIONS = YES;
				CLANG_WARN_DIRECT_OBJC_ISA_USAGE = YES_ERROR;
				CLANG_WARN_DOCUMENTATION_COMMENTS = YES;
				CLANG_WARN_EMPTY_BODY = YES;
				CLANG_WARN_ENUM_CONVERSION = YES;
				CLANG_WARN_INFINITE_RECURSION = YES;
				CLANG_WARN_INT_CONVERSION = YES;
				CLANG_WARN_NON_LITERAL_NULL_CONVERSION = YES;
				CLANG_WARN_OBJC_IMPLICIT_RETAIN_SELF = YES;
				CLANG_WARN_OBJC_LITERAL_CONVERSION = YES;
				CLANG_WARN_OBJC_ROOT_CLASS = YES_ERROR;
				CLANG_WARN_QUOTED_INCLUDE_IN_FRAMEWORK_HEADER = YES;
				CLANG_WARN_RANGE_LOOP_ANALYSIS = YES;
				CLANG_WARN_STRICT_PROTOTYPES = YES;
				CLANG_WARN_SUSPICIOUS_MOVE = YES;
				CLANG_WARN_UNGUARDED_AVAILABILITY = YES_AGGRESSIVE;
				CLANG_WARN_UNREACHABLE_CODE = YES;
				CLANG_WARN__DUPLICATE_METHOD_MATCH = YES;
				COPY_PHASE_STRIP = NO;
				DEBUG_INFORMATION_FORMAT = dwarf;
				ENABLE_STRICT_OBJC_MSGSEND = YES;
				ENABLE_TESTABILITY = YES;
				GCC_C_LANGUAGE_STANDARD = gnu11;
				GCC_DYNAMIC_NO_PIC = NO;
				GCC_NO_COMMON_BLOCKS = YES;
				GCC_OPTIMIZATION_LEVEL = 0;
				GCC_PREPROCESSOR_DEFINITIONS = (
					"DEBUG=1",
					"$(inherited)",
				);
				GCC_WARN_64_TO_32_BIT_CONVERSION = YES;
				GCC_WARN_ABOUT_RETURN_TYPE = YES_ERROR;
				GCC_WARN_UNDECLARED_SELECTOR = YES;
				GCC_WARN_UNINITIALIZED_AUTOS = YES_AGGRESSIVE;
				GCC_WARN_UNUSED_FUNCTION = YES;
				GCC_WARN_UNUSED_VARIABLE = YES;
				IPHONEOS_DEPLOYMENT_TARGET = 16.4;
				MTL_ENABLE_DEBUG_INFO = INCLUDE_SOURCE;
				MTL_FAST_MATH = YES;
				ONLY_ACTIVE_ARCH = YES;
				SDKROOT = iphoneos;
				SWIFT_ACTIVE_COMPILATION_CONDITIONS = DEBUG;
				SWIFT_OPTIMIZATION_LEVEL = "-Onone";
			};
			name = Debug;
		};
		47A79BE22AF604430045025F /* Release */ = {
			isa = XCBuildConfiguration;
			buildSettings = {
				ALWAYS_SEARCH_USER_PATHS = NO;
				CLANG_ANALYZER_NONNULL = YES;
				CLANG_ANALYZER_NUMBER_OBJECT_CONVERSION = YES_AGGRESSIVE;
				CLANG_CXX_LANGUAGE_STANDARD = "gnu++20";
				CLANG_ENABLE_MODULES = YES;
				CLANG_ENABLE_OBJC_ARC = YES;
				CLANG_ENABLE_OBJC_WEAK = YES;
				CLANG_WARN_BLOCK_CAPTURE_AUTORELEASING = YES;
				CLANG_WARN_BOOL_CONVERSION = YES;
				CLANG_WARN_COMMA = YES;
				CLANG_WARN_CONSTANT_CONVERSION = YES;
				CLANG_WARN_DEPRECATED_OBJC_IMPLEMENTATIONS = YES;
				CLANG_WARN_DIRECT_OBJC_ISA_USAGE = YES_ERROR;
				CLANG_WARN_DOCUMENTATION_COMMENTS = YES;
				CLANG_WARN_EMPTY_BODY = YES;
				CLANG_WARN_ENUM_CONVERSION = YES;
				CLANG_WARN_INFINITE_RECURSION = YES;
				CLANG_WARN_INT_CONVERSION = YES;
				CLANG_WARN_NON_LITERAL_NULL_CONVERSION = YES;
				CLANG_WARN_OBJC_IMPLICIT_RETAIN_SELF = YES;
				CLANG_WARN_OBJC_LITERAL_CONVERSION = YES;
				CLANG_WARN_OBJC_ROOT_CLASS = YES_ERROR;
				CLANG_WARN_QUOTED_INCLUDE_IN_FRAMEWORK_HEADER = YES;
				CLANG_WARN_RANGE_LOOP_ANALYSIS = YES;
				CLANG_WARN_STRICT_PROTOTYPES = YES;
				CLANG_WARN_SUSPICIOUS_MOVE = YES;
				CLANG_WARN_UNGUARDED_AVAILABILITY = YES_AGGRESSIVE;
				CLANG_WARN_UNREACHABLE_CODE = YES;
				CLANG_WARN__DUPLICATE_METHOD_MATCH = YES;
				COPY_PHASE_STRIP = NO;
				DEBUG_INFORMATION_FORMAT = "dwarf-with-dsym";
				ENABLE_NS_ASSERTIONS = NO;
				ENABLE_STRICT_OBJC_MSGSEND = YES;
				GCC_C_LANGUAGE_STANDARD = gnu11;
				GCC_NO_COMMON_BLOCKS = YES;
				GCC_WARN_64_TO_32_BIT_CONVERSION = YES;
				GCC_WARN_ABOUT_RETURN_TYPE = YES_ERROR;
				GCC_WARN_UNDECLARED_SELECTOR = YES;
				GCC_WARN_UNINITIALIZED_AUTOS = YES_AGGRESSIVE;
				GCC_WARN_UNUSED_FUNCTION = YES;
				GCC_WARN_UNUSED_VARIABLE = YES;
				IPHONEOS_DEPLOYMENT_TARGET = 16.4;
				MTL_ENABLE_DEBUG_INFO = NO;
				MTL_FAST_MATH = YES;
				SDKROOT = iphoneos;
				SWIFT_COMPILATION_MODE = wholemodule;
				SWIFT_OPTIMIZATION_LEVEL = "-O";
				VALIDATE_PRODUCT = YES;
			};
			name = Release;
		};
		47A79BE42AF604430045025F /* Debug */ = {
			isa = XCBuildConfiguration;
			buildSettings = {
				ASSETCATALOG_COMPILER_APPICON_NAME = AppIcon;
				ASSETCATALOG_COMPILER_GLOBAL_ACCENT_COLOR_NAME = AccentColor;
				CODE_SIGN_STYLE = Automatic;
				CURRENT_PROJECT_VERSION = 1;
				DEVELOPMENT_ASSET_PATHS = "\"SwiftUITravelApp/Preview Content\"";
				DEVELOPMENT_TEAM = 3SDDM7NU4G;
				ENABLE_PREVIEWS = YES;
				GENERATE_INFOPLIST_FILE = YES;
				INFOPLIST_KEY_UIApplicationSceneManifest_Generation = YES;
				INFOPLIST_KEY_UIApplicationSupportsIndirectInputEvents = YES;
				INFOPLIST_KEY_UILaunchScreen_Generation = YES;
				INFOPLIST_KEY_UISupportedInterfaceOrientations_iPad = "UIInterfaceOrientationPortrait UIInterfaceOrientationPortraitUpsideDown UIInterfaceOrientationLandscapeLeft UIInterfaceOrientationLandscapeRight";
				INFOPLIST_KEY_UISupportedInterfaceOrientations_iPhone = "UIInterfaceOrientationPortrait UIInterfaceOrientationLandscapeLeft UIInterfaceOrientationLandscapeRight";
				LD_RUNPATH_SEARCH_PATHS = (
					"$(inherited)",
					"@executable_path/Frameworks",
				);
				MARKETING_VERSION = 1.0;
				PRODUCT_BUNDLE_IDENTIFIER = com.dedicave.SwiftUITravelApp;
				PRODUCT_NAME = "$(TARGET_NAME)";
				SWIFT_EMIT_LOC_STRINGS = YES;
				SWIFT_VERSION = 5.0;
				TARGETED_DEVICE_FAMILY = "1,2";
			};
			name = Debug;
		};
		47A79BE52AF604430045025F /* Release */ = {
			isa = XCBuildConfiguration;
			buildSettings = {
				ASSETCATALOG_COMPILER_APPICON_NAME = AppIcon;
				ASSETCATALOG_COMPILER_GLOBAL_ACCENT_COLOR_NAME = AccentColor;
				CODE_SIGN_STYLE = Automatic;
				CURRENT_PROJECT_VERSION = 1;
				DEVELOPMENT_ASSET_PATHS = "\"SwiftUITravelApp/Preview Content\"";
				DEVELOPMENT_TEAM = 3SDDM7NU4G;
				ENABLE_PREVIEWS = YES;
				GENERATE_INFOPLIST_FILE = YES;
				INFOPLIST_KEY_UIApplicationSceneManifest_Generation = YES;
				INFOPLIST_KEY_UIApplicationSupportsIndirectInputEvents = YES;
				INFOPLIST_KEY_UILaunchScreen_Generation = YES;
				INFOPLIST_KEY_UISupportedInterfaceOrientations_iPad = "UIInterfaceOrientationPortrait UIInterfaceOrientationPortraitUpsideDown UIInterfaceOrientationLandscapeLeft UIInterfaceOrientationLandscapeRight";
				INFOPLIST_KEY_UISupportedInterfaceOrientations_iPhone = "UIInterfaceOrientationPortrait UIInterfaceOrientationLandscapeLeft UIInterfaceOrientationLandscapeRight";
				LD_RUNPATH_SEARCH_PATHS = (
					"$(inherited)",
					"@executable_path/Frameworks",
				);
				MARKETING_VERSION = 1.0;
				PRODUCT_BUNDLE_IDENTIFIER = com.dedicave.SwiftUITravelApp;
				PRODUCT_NAME = "$(TARGET_NAME)";
				SWIFT_EMIT_LOC_STRINGS = YES;
				SWIFT_VERSION = 5.0;
				TARGETED_DEVICE_FAMILY = "1,2";
			};
			name = Release;
		};
/* End XCBuildConfiguration section */

/* Begin XCConfigurationList section */
		47A79BD02AF604420045025F /* Build configuration list for PBXProject "SwiftUITravelApp" */ = {
			isa = XCConfigurationList;
			buildConfigurations = (
				47A79BE12AF604430045025F /* Debug */,
				47A79BE22AF604430045025F /* Release */,
			);
			defaultConfigurationIsVisible = 0;
			defaultConfigurationName = Release;
		};
		47A79BE32AF604430045025F /* Build configuration list for PBXNativeTarget "SwiftUITravelApp" */ = {
			isa = XCConfigurationList;
			buildConfigurations = (
				47A79BE42AF604430045025F /* Debug */,
				47A79BE52AF604430045025F /* Release */,
			);
			defaultConfigurationIsVisible = 0;
			defaultConfigurationName = Release;
		};
/* End XCConfigurationList section */

/* Begin XCRemoteSwiftPackageReference section */
		47C2E7652B14C9D40044D5E0 /* XCRemoteSwiftPackageReference "Kingfisher" */ = {
			isa = XCRemoteSwiftPackageReference;
			repositoryURL = "https://github.com/onevcat/Kingfisher";
			requirement = {
				kind = upToNextMajorVersion;
				minimumVersion = 7.0.0;
			};
		};
		47C2E7682B14CA260044D5E0 /* XCRemoteSwiftPackageReference "SDWebImageSwiftUI" */ = {
			isa = XCRemoteSwiftPackageReference;
			repositoryURL = "https://github.com/SDWebImage/SDWebImageSwiftUI";
			requirement = {
				kind = upToNextMajorVersion;
				minimumVersion = 2.0.0;
			};
		};
/* End XCRemoteSwiftPackageReference section */

/* Begin XCSwiftPackageProductDependency section */
		47C2E7662B14C9D40044D5E0 /* Kingfisher */ = {
			isa = XCSwiftPackageProductDependency;
			package = 47C2E7652B14C9D40044D5E0 /* XCRemoteSwiftPackageReference "Kingfisher" */;
			productName = Kingfisher;
		};
		47C2E7692B14CA260044D5E0 /* SDWebImageSwiftUI */ = {
			isa = XCSwiftPackageProductDependency;
			package = 47C2E7682B14CA260044D5E0 /* XCRemoteSwiftPackageReference "SDWebImageSwiftUI" */;
			productName = SDWebImageSwiftUI;
		};
/* End XCSwiftPackageProductDependency section */
	};
	rootObject = 47A79BCD2AF604420045025F /* Project object */;
}
